Microsoft Visual Studio Solution File, Format Version 12.00
# Visual Studio Version 17
VisualStudioVersion = 17.5.2.0
MinimumVisualStudioVersion = 10.0.40219.1
Project("{FAE04EC0-301F-11D3-BF4B-00C04F79EFBC}") = "Manage-KPI-or-OKR-System", "Manage-KPI-or-OKR-System.csproj", "{679B4021-C235-432D-D4B5-AA5D6023EAFB}"
EndProject
Global
	GlobalSection(SolutionConfigurationPlatforms) = preSolution
		Debug|Any CPU = Debug|Any CPU
		Release|Any CPU = Release|Any CPU
	EndGlobalSection
	GlobalSection(ProjectConfigurationPlatforms) = postSolution
		{679B4021-C235-432D-D4B5-AA5D6023EAFB}.Debug|Any CPU.ActiveCfg = Debug|Any CPU
		{679B4021-C235-432D-D4B5-AA5D6023EAFB}.Debug|Any CPU.Build.0 = Debug|Any CPU
		{679B4021-C235-432D-D4B5-AA5D6023EAFB}.Release|Any CPU.ActiveCfg = Release|Any CPU
		{679B4021-C235-432D-D4B5-AA5D6023EAFB}.Release|Any CPU.Build.0 = Release|Any CPU
	EndGlobalSection
	GlobalSection(SolutionProperties) = preSolution
		HideSolutionNode = FALSE
	EndGlobalSection
	GlobalSection(ExtensibilityGlobals) = postSolution
		SolutionGuid = {28441235-3104-4ACF-930D-6042D76FE855}
	EndGlobalSection
EndGlobal
